
Microsoft Visual Studio Solution File, Format Version 12.00
# Visual Studio Version 16
VisualStudioVersion = 16.0.30225.117
MinimumVisualStudioVersion = 10.0.40219.1
Project("{FAE04EC0-301F-11D3-BF4B-00C04F79EFBC}") = "OutlookEmailExtractor", "OutlookEmailExtractor\OutlookEmailExtractor.csproj", "{64EC9CA1-47FB-44EA-851C-2DC21654AFF1}"
EndProject
Global
	GlobalSection(SolutionConfigurationPlatforms) = preSolution
		Debug|Any CPU = Debug|Any CPU
		Release|Any CPU = Release|Any CPU
	EndGlobalSection
	GlobalSection(ProjectConfigurationPlatforms) = postSolution
		{64EC9CA1-47FB-44EA-851C-2DC21654AFF1}.Debug|Any CPU.ActiveCfg = Debug|Any CPU
		{64EC9CA1-47FB-44EA-851C-2DC21654AFF1}.Debug|Any CPU.Build.0 = Debug|Any CPU
		{64EC9CA1-47FB-44EA-851C-2DC21654AFF1}.Release|Any CPU.ActiveCfg = Release|Any CPU
		{64EC9CA1-47FB-44EA-851C-2DC21654AFF1}.Release|Any CPU.Build.0 = Release|Any CPU
	EndGlobalSection
	GlobalSection(SolutionProperties) = preSolution
		HideSolutionNode = FALSE
	EndGlobalSection
	GlobalSection(ExtensibilityGlobals) = postSolution
		SolutionGuid = {463AD227-C613-4C30-94AF-E68E7435FEEB}
	EndGlobalSection
EndGlobal
